
Microsoft Visual Studio Solution File, Format Version 12.00
# Visual Studio Version 16
VisualStudioVersion = 16.0.31624.102
MinimumVisualStudioVersion = 10.0.40219.1
Project("{FAE04EC0-301F-11D3-BF4B-00C04F79EFBC}") = "바루다_무비메이커", "바루다_무비메이커\바루다_무비메이커.csproj", "{AF3CA425-071E-4CF0-BB80-C9DDF5F12E10}"
EndProject
Global
	GlobalSection(SolutionConfigurationPlatforms) = preSolution
		Debug|Any CPU = Debug|Any CPU
		Release|Any CPU = Release|Any CPU
	EndGlobalSection
	GlobalSection(ProjectConfigurationPlatforms) = postSolution
		{AF3CA425-071E-4CF0-BB80-C9DDF5F12E10}.Debug|Any CPU.ActiveCfg = Debug|Any CPU
		{AF3CA425-071E-4CF0-BB80-C9DDF5F12E10}.Debug|Any CPU.Build.0 = Debug|Any CPU
		{AF3CA425-071E-4CF0-BB80-C9DDF5F12E10}.Release|Any CPU.ActiveCfg = Release|Any CPU
		{AF3CA425-071E-4CF0-BB80-C9DDF5F12E10}.Release|Any CPU.Build.0 = Release|Any CPU
	EndGlobalSection
	GlobalSection(SolutionProperties) = preSolution
		HideSolutionNode = FALSE
	EndGlobalSection
	GlobalSection(ExtensibilityGlobals) = postSolution
		SolutionGuid = {CE521AF5-4286-439F-B81A-8383A182E8D0}
	EndGlobalSection
EndGlobal
